dependencies:
- name: rook-ceph
  repository: https://charts.rook.io/release
  version: v1.18.3
- name: rook-ceph-cluster
  repository: https://charts.rook.io/release
  version: v1.18.3
digest: sha256:344d387320e8e40057673e220d6dc58ad6efb20682b9dbee411ddfc760fcf347
generated: "2025-10-03T00:28:47.483239369Z"
